
Microsoft Visual Studio Solution File, Format Version 12.00
# Visual Studio Version 16
VisualStudioVersion = 16.0.30002.166
MinimumVisualStudioVersion = 10.0.40219.1
Project("{9A19103F-16F7-4668-BE54-9A1E7A4F7556}") = "BookStore-API", "BookStore-API\BookStore-API.csproj", "{CD1CFBEA-71CE-4354-9D49-E017468198F5}"
EndProject
Project("{2150E333-8FDC-42A3-9474-1A3956D46DE8}") = "Solution Items", "Solution Items", "{5DC06BB7-5D64-4608-8A4D-4DF210B372B5}"
	ProjectSection(SolutionItems) = preProject
		.gitignore = .gitignore
	EndProjectSection
EndProject
Global
	GlobalSection(SolutionConfigurationPlatforms) = preSolution
		Debug|Any CPU = Debug|Any CPU
		Release|Any CPU = Release|Any CPU
	EndGlobalSection
	GlobalSection(ProjectConfigurationPlatforms) = postSolution
		{CD1CFBEA-71CE-4354-9D49-E017468198F5}.Debug|Any CPU.ActiveCfg = Debug|Any CPU
		{CD1CFBEA-71CE-4354-9D49-E017468198F5}.Debug|Any CPU.Build.0 = Debug|Any CPU
		{CD1CFBEA-71CE-4354-9D49-E017468198F5}.Release|Any CPU.ActiveCfg = Release|Any CPU
		{CD1CFBEA-71CE-4354-9D49-E017468198F5}.Release|Any CPU.Build.0 = Release|Any CPU
	EndGlobalSection
	GlobalSection(SolutionProperties) = preSolution
		HideSolutionNode = FALSE
	EndGlobalSection
	GlobalSection(ExtensibilityGlobals) = postSolution
		SolutionGuid = {AEB75ED4-0E71-4ED0-94A4-41466F184D7F}
	EndGlobalSection
EndGlobal
